
Microsoft Visual Studio Solution File, Format Version 12.00
# Visual Studio Version 17
VisualStudioVersion = 17.4.33110.190
MinimumVisualStudioVersion = 10.0.40219.1
Project("{FAE04EC0-301F-11D3-BF4B-00C04F79EFBC}") = "Neironka1", "Neironka1.csproj", "{87B5D30F-7852-4C4B-929D-AF1767BAB1D1}"
EndProject
Global
	GlobalSection(SolutionConfigurationPlatforms) = preSolution
		Debug|Any CPU = Debug|Any CPU
		Release|Any CPU = Release|Any CPU
	EndGlobalSection
	GlobalSection(ProjectConfigurationPlatforms) = postSolution
		{87B5D30F-7852-4C4B-929D-AF1767BAB1D1}.Debug|Any CPU.ActiveCfg = Debug|Any CPU
		{87B5D30F-7852-4C4B-929D-AF1767BAB1D1}.Debug|Any CPU.Build.0 = Debug|Any CPU
		{87B5D30F-7852-4C4B-929D-AF1767BAB1D1}.Release|Any CPU.ActiveCfg = Release|Any CPU
		{87B5D30F-7852-4C4B-929D-AF1767BAB1D1}.Release|Any CPU.Build.0 = Release|Any CPU
	EndGlobalSection
	GlobalSection(SolutionProperties) = preSolution
		HideSolutionNode = FALSE
	EndGlobalSection
	GlobalSection(ExtensibilityGlobals) = postSolution
		SolutionGuid = {52A6190A-1DFB-4CF7-A312-75B66AE05A45}
	EndGlobalSection
EndGlobal
